// !$*UTF8*$!
{
	archiveVersion = 1;
	classes = {
	};
	objectVersion = 52;
	objects = {

/* Begin PBXBuildFile section */
		31065EEA27047EF9000082C4 /* Colors.swift in Sources */ = {isa = PBXBuildFile; fileRef = 31065EE927047EF9000082C4 /* Colors.swift */; };
		31191B5926A1322D00B8791F /* VideoCapture.swift in Sources */ = {isa = PBXBuildFile; fileRef = 31191B5526A1322D00B8791F /* VideoCapture.swift */; };
		31191B5A26A1322D00B8791F /* AVCaptureDeviceInput+Camera.swift in Sources */ = {isa = PBXBuildFile; fileRef = 31191B5626A1322D00B8791F /* AVCaptureDeviceInput+Camera.swift */; };
		31191B5B26A1322D00B8791F /* AVCaptureDevice+FrameRate.swift in Sources */ = {isa = PBXBuildFile; fileRef = 31191B5726A1322D00B8791F /* AVCaptureDevice+FrameRate.swift */; };
		31191B5C26A1322D00B8791F /* AVCaptureVideoDataOutput+PixelFormat.swift in Sources */ = {isa = PBXBuildFile; fileRef = 31191B5826A1322D00B8791F /* AVCaptureVideoDataOutput+PixelFormat.swift */; };
		31191B5F26A1323300B8791F /* VideoProcessingChain.swift in Sources */ = {isa = PBXBuildFile; fileRef = 31191B5E26A1323300B8791F /* VideoProcessingChain.swift */; };
		31191B6626A1323B00B8791F /* Pose.swift in Sources */ = {isa = PBXBuildFile; fileRef = 31191B6226A1323B00B8791F /* Pose.swift */; };
		31191B7326A1324900B8791F /* ActionPrediction.swift in Sources */ = {isa = PBXBuildFile; fileRef = 31191B6C26A1324900B8791F /* ActionPrediction.swift */; };
		31191B7926A1325600B8791F /* PerformanceReporter.swift in Sources */ = {isa = PBXBuildFile; fileRef = 31191B7826A1325600B8791F /* PerformanceReporter.swift */; };
		31479F9A262F2F5900F8EA26 /* ShootingAppApp.swift in Sources */ = {isa = PBXBuildFile; fileRef = 31479F99262F2F5900F8EA26 /* ShootingAppApp.swift */; };
		31479F9E262F2F5B00F8EA26 /* Assets.xcassets in Resources */ = {isa = PBXBuildFile; fileRef = 31479F9D262F2F5B00F8EA26 /* Assets.xcassets */; };
		31479FA1262F2F5B00F8EA26 /* Preview Assets.xcassets in Resources */ = {isa = PBXBuildFile; fileRef = 31479FA0262F2F5B00F8EA26 /* Preview Assets.xcassets */; };
		31479FAC262F2F5B00F8EA26 /* ShootingAppTests.swift in Sources */ = {isa = PBXBuildFile; fileRef = 31479FAB262F2F5B00F8EA26 /* ShootingAppTests.swift */; };
		31479FB7262F2F5B00F8EA26 /* ShootingAppUITests.swift in Sources */ = {isa = PBXBuildFile; fileRef = 31479FB6262F2F5B00F8EA26 /* ShootingAppUITests.swift */; };
		31479FC8262F2FE100F8EA26 /* GoogleService-Info.plist in Resources */ = {isa = PBXBuildFile; fileRef = 31479FC7262F2FE100F8EA26 /* GoogleService-Info.plist */; };
		31479FF3262F78A800F8EA26 /* MainScreen.swift in Sources */ = {isa = PBXBuildFile; fileRef = 31479FF2262F78A800F8EA26 /* MainScreen.swift */; };
		31479FF9262F85CB00F8EA26 /* SwiftUICharts in Frameworks */ = {isa = PBXBuildFile; productRef = 31479FF8262F85CB00F8EA26 /* SwiftUICharts */; };
		315534B92662D52100276732 /* HomeScreen.swift in Sources */ = {isa = PBXBuildFile; fileRef = 315534B82662D52000276732 /* HomeScreen.swift */; };
		315C315D26BDD58F0021AD1F /* LoginView.swift in Sources */ = {isa = PBXBuildFile; fileRef = 315C315C26BDD58F0021AD1F /* LoginView.swift */; };
		315C316126BDD61B0021AD1F /* ErrorView.swift in Sources */ = {isa = PBXBuildFile; fileRef = 315C316026BDD61B0021AD1F /* ErrorView.swift */; };
		315C316326BDD66D0021AD1F /* EntryView.swift in Sources */ = {isa = PBXBuildFile; fileRef = 315C316226BDD66D0021AD1F /* EntryView.swift */; };
		315C316626BDD9EC0021AD1F /* EntryViewModel.swift in Sources */ = {isa = PBXBuildFile; fileRef = 315C316526BDD9EC0021AD1F /* EntryViewModel.swift */; };
		315C316926BDDB420021AD1F /* LoginViewModel.swift in Sources */ = {isa = PBXBuildFile; fileRef = 315C316826BDDB420021AD1F /* LoginViewModel.swift */; };
		315C316D26BDF25B0021AD1F /* SignUpViewModel.swift in Sources */ = {isa = PBXBuildFile; fileRef = 315C316C26BDF25B0021AD1F /* SignUpViewModel.swift */; };
		3166D95C26C1AA7E00BDC28F /* FormShootingClassifier.mlmodel in Sources */ = {isa = PBXBuildFile; fileRef = 3166D95B26C1AA7E00BDC28F /* FormShootingClassifier.mlmodel */; };
		3166D95E26C1AB5100BDC28F /* FormShootingClassifierExtensions.swift in Sources */ = {isa = PBXBuildFile; fileRef = 3166D95D26C1AB5100BDC28F /* FormShootingClassifierExtensions.swift */; };
		3166D96226C1B1B900BDC28F /* WorkoutEntryView.swift in Sources */ = {isa = PBXBuildFile; fileRef = 3166D96126C1B1B900BDC28F /* WorkoutEntryView.swift */; };
		3166D96426C1B31B00BDC28F /* WorkoutViewModel.swift in Sources */ = {isa = PBXBuildFile; fileRef = 3166D96326C1B31B00BDC28F /* WorkoutViewModel.swift */; };
		3166D96826C1B4AD00BDC28F /* ActiveWorkoutView.swift in Sources */ = {isa = PBXBuildFile; fileRef = 3166D96726C1B4AD00BDC28F /* ActiveWorkoutView.swift */; };
		3166D96A26C1BB6100BDC28F /* VideoPlayerView.swift in Sources */ = {isa = PBXBuildFile; fileRef = 3166D96926C1BB6100BDC28F /* VideoPlayerView.swift */; };
		3166D96C26C1BBC700BDC28F /* VideoBuilder.swift in Sources */ = {isa = PBXBuildFile; fileRef = 3166D96B26C1BBC700BDC28F /* VideoBuilder.swift */; };
		3166D97426C1BDC500BDC28F /* VideoPlaybackView.swift in Sources */ = {isa = PBXBuildFile; fileRef = 3166D97326C1BDC500BDC28F /* VideoPlaybackView.swift */; };
		3166D97626C1BDFA00BDC28F /* URLVideoPlayerView.swift in Sources */ = {isa = PBXBuildFile; fileRef = 3166D97526C1BDFA00BDC28F /* URLVideoPlayerView.swift */; };
		3166D97826C1BE2700BDC28F /* VideoPlaybackModel.swift in Sources */ = {isa = PBXBuildFile; fileRef = 3166D97726C1BE2700BDC28F /* VideoPlaybackModel.swift */; };
		3166D97B26C1DCAC00BDC28F /* FormAnalysis.swift in Sources */ = {isa = PBXBuildFile; fileRef = 3166D97A26C1DCAC00BDC28F /* FormAnalysis.swift */; };
		3178E48526B50668002EB671 /* WorkoutReviewView.swift in Sources */ = {isa = PBXBuildFile; fileRef = 3178E48426B50668002EB671 /* WorkoutReviewView.swift */; };
		3178E48726B506A7002EB671 /* CameraStreamView.swift in Sources */ = {isa = PBXBuildFile; fileRef = 3178E48626B506A7002EB671 /* CameraStreamView.swift */; };
		31866143270BE783006E026C /* SignUp.swift in Sources */ = {isa = PBXBuildFile; fileRef = 31866142270BE783006E026C /* SignUp.swift */; };
		31866145270BE7A2006E026C /* SignUpView.swift in Sources */ = {isa = PBXBuildFile; fileRef = 31866144270BE7A2006E026C /* SignUpView.swift */; };
		3190AEA82697E0220072F0AE /* Predictor.swift in Sources */ = {isa = PBXBuildFile; fileRef = 3190AEA72697E0220072F0AE /* Predictor.swift */; };
		31AA8BA22751C88D005EF9EA /* SuperTextField.swift in Sources */ = {isa = PBXBuildFile; fileRef = 31AA8BA12751C88D005EF9EA /* SuperTextField.swift */; };
		31AA8BA52751E082005EF9EA /* TeamsModel.swift in Sources */ = {isa = PBXBuildFile; fileRef = 31AA8BA42751E082005EF9EA /* TeamsModel.swift */; };
		31AA8BA72751E2E3005EF9EA /* TeamCard.swift in Sources */ = {isa = PBXBuildFile; fileRef = 31AA8BA62751E2E3005EF9EA /* TeamCard.swift */; };
		31AA8BA92751EA7E005EF9EA /* TeamsHomeView.swift in Sources */ = {isa = PBXBuildFile; fileRef = 31AA8BA82751EA7E005EF9EA /* TeamsHomeView.swift */; };
		31AA8BAB2751F389005EF9EA /* TeamDetailView.swift in Sources */ = {isa = PBXBuildFile; fileRef = 31AA8BAA2751F388005EF9EA /* TeamDetailView.swift */; };
		31AA8BAD2751F7B6005EF9EA /* TeamEditView.swift in Sources */ = {isa = PBXBuildFile; fileRef = 31AA8BAC2751F7B6005EF9EA /* TeamEditView.swift */; };
		31AA8BAF27520F99005EF9EA /* TeamViewModel.swift in Sources */ = {isa = PBXBuildFile; fileRef = 31AA8BAE27520F99005EF9EA /* TeamViewModel.swift */; };
		31ABC32B27211F7F007E8043 /* WorkoutStartPopUpView.swift in Sources */ = {isa = PBXBuildFile; fileRef = 31ABC32A27211F7F007E8043 /* WorkoutStartPopUpView.swift */; };
		31D027FE270F11EA003A9B9E /* NavigationButton.swift in Sources */ = {isa = PBXBuildFile; fileRef = 31D027FD270F11EA003A9B9E /* NavigationButton.swift */; };
		31D02800270F1508003A9B9E /* Heading.swift in Sources */ = {isa = PBXBuildFile; fileRef = 31D027FF270F1508003A9B9E /* Heading.swift */; };
		31D02808270F1784003A9B9E /* BackgroundColorView.swift in Sources */ = {isa = PBXBuildFile; fileRef = 31D02807270F1784003A9B9E /* BackgroundColorView.swift */; };
		31FCC44127225C0E00240E47 /* AngleComparisonView.swift in Sources */ = {isa = PBXBuildFile; fileRef = 31FCC44027225C0E00240E47 /* AngleComparisonView.swift */; };
		403E35C0C4FEFFA38D03DF28 /* Pods_ShootingApp_ShootingAppUITests.framework in Frameworks */ = {isa = PBXBuildFile; fileRef = E923F18116AF3A9FACCC4EAD /* Pods_ShootingApp_ShootingAppUITests.framework */; };
		6D02284B280B767400C51F79 /* NavigationTitleModifier.swift in Sources */ = {isa = PBXBuildFile; fileRef = 6D02284A280B767400C51F79 /* NavigationTitleModifier.swift */; };
		6D02284D280BACA100C51F79 /* TeamCreateView.swift in Sources */ = {isa = PBXBuildFile; fileRef = 6D02284C280BACA100C51F79 /* TeamCreateView.swift */; };
		6D02284F280BC3FA00C51F79 /* UserInfoModel.swift in Sources */ = {isa = PBXBuildFile; fileRef = 6D02284E280BC3FA00C51F79 /* UserInfoModel.swift */; };
		6D022851280BCF0500C51F79 /* TeamJoinView.swift in Sources */ = {isa = PBXBuildFile; fileRef = 6D022850280BCF0500C51F79 /* TeamJoinView.swift */; };
		6D022853280CEC4900C51F79 /* ManualWorkoutViewModel.swift in Sources */ = {isa = PBXBuildFile; fileRef = 6D022852280CEC4800C51F79 /* ManualWorkoutViewModel.swift */; };
		6D022855280CEC8000C51F79 /* WorkoutModel.swift in Sources */ = {isa = PBXBuildFile; fileRef = 6D022854280CEC8000C51F79 /* WorkoutModel.swift */; };
		6D022857280D0A6400C51F79 /* ManualWorkoutCompletedSummaryView.swift in Sources */ = {isa = PBXBuildFile; fileRef = 6D022856280D0A6400C51F79 /* ManualWorkoutCompletedSummaryView.swift */; };
		6D022859280D198500C51F79 /* ManualWorkoutCreateView.swift in Sources */ = {isa = PBXBuildFile; fileRef = 6D022858280D198400C51F79 /* ManualWorkoutCreateView.swift */; };
		6D5F19AB280DF21000271C9A /* ChartView.swift in Sources */ = {isa = PBXBuildFile; fileRef = 6D5F19AA280DF21000271C9A /* ChartView.swift */; };
		6D5F19AE280F041500271C9A /* StatisticsModel.swift in Sources */ = {isa = PBXBuildFile; fileRef = 6D5F19AD280F041500271C9A /* StatisticsModel.swift */; };
		6D5F19B0280F042600271C9A /* StatisticsViewModel.swift in Sources */ = {isa = PBXBuildFile; fileRef = 6D5F19AF280F042500271C9A /* StatisticsViewModel.swift */; };
		6D5F19B3280F49C200271C9A /* ChatViewModel.swift in Sources */ = {isa = PBXBuildFile; fileRef = 6D5F19B2280F49C200271C9A /* ChatViewModel.swift */; };
		6D5F19B5280F49E600271C9A /* MsgModel.swift in Sources */ = {isa = PBXBuildFile; fileRef = 6D5F19B4280F49E600271C9A /* MsgModel.swift */; };
		6D6ECE8C28195A5600BF1708 /* ChatBubble.swift in Sources */ = {isa = PBXBuildFile; fileRef = 6D6ECE8B28195A5600BF1708 /* ChatBubble.swift */; };
		6D6ECE8E28195A6A00BF1708 /* ChatRow.swift in Sources */ = {isa = PBXBuildFile; fileRef = 6D6ECE8D28195A6A00BF1708 /* ChatRow.swift */; };
		6DBC271C280F94DF00DE27CA /* Chat.swift in Sources */ = {isa = PBXBuildFile; fileRef = 6DBC271B280F94DF00DE27CA /* Chat.swift */; };
		6DDEB904283177E6004C6398 /* VerbalFeedbackView.swift in Sources */ = {isa = PBXBuildFile; fileRef = 6DDEB903283177E6004C6398 /* VerbalFeedbackView.swift */; };
		6DE152B527E18F16004B148A /* VideoComparisonChooseScreen.swift in Sources */ = {isa = PBXBuildFile; fileRef = 6DE152B427E18F16004B148A /* VideoComparisonChooseScreen.swift */; };
		6DE152B727E18F73004B148A /* VideoCard.swift in Sources */ = {isa = PBXBuildFile; fileRef = 6DE152B627E18F73004B148A /* VideoCard.swift */; };
		6DE3781E27FB763F00B28DF5 /* WorkoutInformationTag.swift in Sources */ = {isa = PBXBuildFile; fileRef = 6DE3781D27FB763F00B28DF5 /* WorkoutInformationTag.swift */; };
		6DE3782327FBE8D800B28DF5 /* WorkoutDetailView.swift in Sources */ = {isa = PBXBuildFile; fileRef = 6DE3782227FBE8D800B28DF5 /* WorkoutDetailView.swift */; };
		6DE3782527FBED1700B28DF5 /* ManualWorkoutSummaryView.swift in Sources */ = {isa = PBXBuildFile; fileRef = 6DE3782427FBED1700B28DF5 /* ManualWorkoutSummaryView.swift */; };
		6DE3782727FBEDE900B28DF5 /* InWorkoutView.swift in Sources */ = {isa = PBXBuildFile; fileRef = 6DE3782627FBEDE900B28DF5 /* InWorkoutView.swift */; };
		6DE616C327F785DE0087AE6B /* ManualWorkoutEntry.swift in Sources */ = {isa = PBXBuildFile; fileRef = 6DE616C227F785DE0087AE6B /* ManualWorkoutEntry.swift */; };
		B4CE6703E0C80C2D79FC3673 /* Pods_ShootingAppTests.framework in Frameworks */ = {isa = PBXBuildFile; fileRef = 89FF2798ACD48FDA0E96E7E7 /* Pods_ShootingAppTests.framework */; };
		F26B22CB5525902FEE3F3329 /* Pods_ShootingApp.framework in Frameworks */ = {isa = PBXBuildFile; fileRef = 44CD98A43D830E1C3727CD10 /* Pods_ShootingApp.framework */; };
/* End PBXBuildFile section */

/* Begin PBXContainerItemProxy section */
		31479FA8262F2F5B00F8EA26 /* PBXContainerItemProxy */ = {
			isa = PBXContainerItemProxy;
			containerPortal = 31479F8E262F2F5900F8EA26 /* Project object */;
			proxyType = 1;
			remoteGlobalIDString = 31479F95262F2F5900F8EA26;
			remoteInfo = ShootingApp;
		};
		31479FB3262F2F5B00F8EA26 /* PBXContainerItemProxy */ = {
			isa = PBXContainerItemProxy;
			containerPortal = 31479F8E262F2F5900F8EA26 /* Project object */;
			proxyType = 1;
			remoteGlobalIDString = 31479F95262F2F5900F8EA26;
			remoteInfo = ShootingApp;
		};
/* End PBXContainerItemProxy section */

/* Begin PBXFileReference section */
		0B86D4BB672683B9EBD742C7 /* Pods-ShootingApp.debug.xcconfig */ = {isa = PBXFileReference; includeInIndex = 1; lastKnownFileType = text.xcconfig; name = "Pods-ShootingApp.debug.xcconfig"; path = "Target Support Files/Pods-ShootingApp/Pods-ShootingApp.debug.xcconfig"; sourceTree = "<group>"; };
		1B07451769B673863F3FECD5 /* Pods-ShootingApp-ShootingAppUITests.debug.xcconfig */ = {isa = PBXFileReference; includeInIndex = 1; lastKnownFileType = text.xcconfig; name = "Pods-ShootingApp-ShootingAppUITests.debug.xcconfig"; path = "Target Support Files/Pods-ShootingApp-ShootingAppUITests/Pods-ShootingApp-ShootingAppUITests.debug.xcconfig"; sourceTree = "<group>"; };
		31065EE927047EF9000082C4 /* Colors.swift */ = {isa = PBXFileReference; lastKnownFileType = sourcecode.swift; path = Colors.swift; sourceTree = "<group>"; };
		31191B5526A1322D00B8791F /* VideoCapture.swift */ = {isa = PBXFileReference; fileEncoding = 4; lastKnownFileType = sourcecode.swift; path = VideoCapture.swift; sourceTree = "<group>"; };
		31191B5626A1322D00B8791F /* AVCaptureDeviceInput+Camera.swift */ = {isa = PBXFileReference; fileEncoding = 4; lastKnownFileType = sourcecode.swift; path = "AVCaptureDeviceInput+Camera.swift"; sourceTree = "<group>"; };
		31191B5726A1322D00B8791F /* AVCaptureDevice+FrameRate.swift */ = {isa = PBXFileReference; fileEncoding = 4; lastKnownFileType = sourcecode.swift; path = "AVCaptureDevice+FrameRate.swift"; sourceTree = "<group>"; };
		31191B5826A1322D00B8791F /* AVCaptureVideoDataOutput+PixelFormat.swift */ = {isa = PBXFileReference; fileEncoding = 4; lastKnownFileType = sourcecode.swift; path = "AVCaptureVideoDataOutput+PixelFormat.swift"; sourceTree = "<group>"; };
		31191B5E26A1323300B8791F /* VideoProcessingChain.swift */ = {isa = PBXFileReference; fileEncoding = 4; lastKnownFileType = sourcecode.swift; path = VideoProcessingChain.swift; sourceTree = "<group>"; };
		31191B6226A1323B00B8791F /* Pose.swift */ = {isa = PBXFileReference; fileEncoding = 4; lastKnownFileType = sourcecode.swift; path = Pose.swift; sourceTree = "<group>"; };
		31191B6C26A1324900B8791F /* ActionPrediction.swift */ = {isa = PBXFileReference; fileEncoding = 4; lastKnownFileType = sourcecode.swift; path = ActionPrediction.swift; sourceTree = "<group>"; };
		31191B7826A1325600B8791F /* PerformanceReporter.swift */ = {isa = PBXFileReference; fileEncoding = 4; lastKnownFileType = sourcecode.swift; path = PerformanceReporter.swift; sourceTree = "<group>"; };
		31479F96262F2F5900F8EA26 /* ShootingApp.app */ = {isa = PBXFileReference; explicitFileType = wrapper.application; includeInIndex = 0; path = ShootingApp.app; sourceTree = BUILT_PRODUCTS_DIR; };
		31479F99262F2F5900F8EA26 /* ShootingAppApp.swift */ = {isa = PBXFileReference; lastKnownFileType = sourcecode.swift; path = ShootingAppApp.swift; sourceTree = "<group>"; };
		31479F9D262F2F5B00F8EA26 /* Assets.xcassets */ = {isa = PBXFileReference; lastKnownFileType = folder.assetcatalog; path = Assets.xcassets; sourceTree = "<group>"; };
		31479FA0262F2F5B00F8EA26 /* Preview Assets.xcassets */ = {isa = PBXFileReference; lastKnownFileType = folder.assetcatalog; path = "Preview Assets.xcassets"; sourceTree = "<group>"; };
		31479FA2262F2F5B00F8EA26 /* Info.plist */ = {isa = PBXFileReference; lastKnownFileType = text.plist.xml; path = Info.plist; sourceTree = "<group>"; };
		31479FA7262F2F5B00F8EA26 /* ShootingAppTests.xctest */ = {isa = PBXFileReference; explicitFileType = wrapper.cfbundle; includeInIndex = 0; path = ShootingAppTests.xctest; sourceTree = BUILT_PRODUCTS_DIR; };
		31479FAB262F2F5B00F8EA26 /* ShootingAppTests.swift */ = {isa = PBXFileReference; lastKnownFileType = sourcecode.swift; path = ShootingAppTests.swift; sourceTree = "<group>"; };
		31479FAD262F2F5B00F8EA26 /* Info.plist */ = {isa = PBXFileReference; lastKnownFileType = text.plist.xml; path = Info.plist; sourceTree = "<group>"; };
		31479FB2262F2F5B00F8EA26 /* ShootingAppUITests.xctest */ = {isa = PBXFileReference; explicitFileType = wrapper.cfbundle; includeInIndex = 0; path = ShootingAppUITests.xctest; sourceTree = BUILT_PRODUCTS_DIR; };
		31479FB6262F2F5B00F8EA26 /* ShootingAppUITests.swift */ = {isa = PBXFileReference; lastKnownFileType = sourcecode.swift; path = ShootingAppUITests.swift; sourceTree = "<group>"; };
		31479FB8262F2F5B00F8EA26 /* Info.plist */ = {isa = PBXFileReference; lastKnownFileType = text.plist.xml; path = Info.plist; sourceTree = "<group>"; };
		31479FC7262F2FE100F8EA26 /* GoogleService-Info.plist */ = {isa = PBXFileReference; fileEncoding = 4; lastKnownFileType = text.plist.xml; path = "GoogleService-Info.plist"; sourceTree = "<group>"; };
		31479FF2262F78A800F8EA26 /* MainScreen.swift */ = {isa = PBXFileReference; lastKnownFileType = sourcecode.swift; path = MainScreen.swift; sourceTree = "<group>"; };
		315534B82662D52000276732 /* HomeScreen.swift */ = {isa = PBXFileReference; lastKnownFileType = sourcecode.swift; path = HomeScreen.swift; sourceTree = "<group>"; };
		315C315C26BDD58F0021AD1F /* LoginView.swift */ = {isa = PBXFileReference; lastKnownFileType = sourcecode.swift; path = LoginView.swift; sourceTree = "<group>"; };
		315C316026BDD61B0021AD1F /* ErrorView.swift */ = {isa = PBXFileReference; lastKnownFileType = sourcecode.swift; path = ErrorView.swift; sourceTree = "<group>"; };
		315C316226BDD66D0021AD1F /* EntryView.swift */ = {isa = PBXFileReference; lastKnownFileType = sourcecode.swift; path = EntryView.swift; sourceTree = "<group>"; };
		315C316526BDD9EC0021AD1F /* EntryViewModel.swift */ = {isa = PBXFileReference; lastKnownFileType = sourcecode.swift; path = EntryViewModel.swift; sourceTree = "<group>"; };
		315C316826BDDB420021AD1F /* LoginViewModel.swift */ = {isa = PBXFileReference; lastKnownFileType = sourcecode.swift; path = LoginViewModel.swift; sourceTree = "<group>"; };
		315C316C26BDF25B0021AD1F /* SignUpViewModel.swift */ = {isa = PBXFileReference; lastKnownFileType = sourcecode.swift; path = SignUpViewModel.swift; sourceTree = "<group>"; };
		3166D95B26C1AA7E00BDC28F /* FormShootingClassifier.mlmodel */ = {isa = PBXFileReference; lastKnownFileType = file.mlmodel; path = FormShootingClassifier.mlmodel; sourceTree = "<group>"; };
		3166D95D26C1AB5100BDC28F /* FormShootingClassifierExtensions.swift */ = {isa = PBXFileReference; lastKnownFileType = sourcecode.swift; path = FormShootingClassifierExtensions.swift; sourceTree = "<group>"; };
		3166D96126C1B1B900BDC28F /* WorkoutEntryView.swift */ = {isa = PBXFileReference; lastKnownFileType = sourcecode.swift; path = WorkoutEntryView.swift; sourceTree = "<group>"; };
		3166D96326C1B31B00BDC28F /* WorkoutViewModel.swift */ = {isa = PBXFileReference; lastKnownFileType = sourcecode.swift; path = WorkoutViewModel.swift; sourceTree = "<group>"; };
		3166D96726C1B4AD00BDC28F /* ActiveWorkoutView.swift */ = {isa = PBXFileReference; lastKnownFileType = sourcecode.swift; path = ActiveWorkoutView.swift; sourceTree = "<group>"; };
		3166D96926C1BB6100BDC28F /* VideoPlayerView.swift */ = {isa = PBXFileReference; lastKnownFileType = sourcecode.swift; path = VideoPlayerView.swift; sourceTree = "<group>"; };
		3166D96B26C1BBC700BDC28F /* VideoBuilder.swift */ = {isa = PBXFileReference; lastKnownFileType = sourcecode.swift; path = VideoBuilder.swift; sourceTree = "<group>"; };
		3166D97326C1BDC500BDC28F /* VideoPlaybackView.swift */ = {isa = PBXFileReference; lastKnownFileType = sourcecode.swift; path = VideoPlaybackView.swift; sourceTree = "<group>"; };
		3166D97526C1BDFA00BDC28F /* URLVideoPlayerView.swift */ = {isa = PBXFileReference; lastKnownFileType = sourcecode.swift; path = URLVideoPlayerView.swift; sourceTree = "<group>"; };
		3166D97726C1BE2700BDC28F /* VideoPlaybackModel.swift */ = {isa = PBXFileReference; lastKnownFileType = sourcecode.swift; path = VideoPlaybackModel.swift; sourceTree = "<group>"; };
		3166D97A26C1DCAC00BDC28F /* FormAnalysis.swift */ = {isa = PBXFileReference; lastKnownFileType = sourcecode.swift; path = FormAnalysis.swift; sourceTree = "<group>"; };
		3178E48426B50668002EB671 /* WorkoutReviewView.swift */ = {isa = PBXFileReference; lastKnownFileType = sourcecode.swift; path = WorkoutReviewView.swift; sourceTree = "<group>"; };
		3178E48626B506A7002EB671 /* CameraStreamView.swift */ = {isa = PBXFileReference; lastKnownFileType = sourcecode.swift; path = CameraStreamView.swift; sourceTree = "<group>"; };
		31866142270BE783006E026C /* SignUp.swift */ = {isa = PBXFileReference; lastKnownFileType = sourcecode.swift; path = SignUp.swift; sourceTree = "<group>"; };
		31866144270BE7A2006E026C /* SignUpView.swift */ = {isa = PBXFileReference; fileEncoding = 4; lastKnownFileType = sourcecode.swift; path = SignUpView.swift; sourceTree = "<group>"; };
		3190AEA72697E0220072F0AE /* Predictor.swift */ = {isa = PBXFileReference; lastKnownFileType = sourcecode.swift; path = Predictor.swift; sourceTree = "<group>"; };
		31AA8BA12751C88D005EF9EA /* SuperTextField.swift */ = {isa = PBXFileReference; lastKnownFileType = sourcecode.swift; path = SuperTextField.swift; sourceTree = "<group>"; };
		31AA8BA42751E082005EF9EA /* TeamsModel.swift */ = {isa = PBXFileReference; lastKnownFileType = sourcecode.swift; path = TeamsModel.swift; sourceTree = "<group>"; };
		31AA8BA62751E2E3005EF9EA /* TeamCard.swift */ = {isa = PBXFileReference; lastKnownFileType = sourcecode.swift; path = TeamCard.swift; sourceTree = "<group>"; };
		31AA8BA82751EA7E005EF9EA /* TeamsHomeView.swift */ = {isa = PBXFileReference; lastKnownFileType = sourcecode.swift; path = TeamsHomeView.swift; sourceTree = "<group>"; };
		31AA8BAA2751F388005EF9EA /* TeamDetailView.swift */ = {isa = PBXFileReference; lastKnownFileType = sourcecode.swift; path = TeamDetailView.swift; sourceTree = "<group>"; };
		31AA8BAC2751F7B6005EF9EA /* TeamEditView.swift */ = {isa = PBXFileReference; lastKnownFileType = sourcecode.swift; path = TeamEditView.swift; sourceTree = "<group>"; };
		31AA8BAE27520F99005EF9EA /* TeamViewModel.swift */ = {isa = PBXFileReference; lastKnownFileType = sourcecode.swift; path = TeamViewModel.swift; sourceTree = "<group>"; };
		31ABC32A27211F7F007E8043 /* WorkoutStartPopUpView.swift */ = {isa = PBXFileReference; lastKnownFileType = sourcecode.swift; path = WorkoutStartPopUpView.swift; sourceTree = "<group>"; };
		31D027FD270F11EA003A9B9E /* NavigationButton.swift */ = {isa = PBXFileReference; lastKnownFileType = sourcecode.swift; path = NavigationButton.swift; sourceTree = "<group>"; };
		31D027FF270F1508003A9B9E /* Heading.swift */ = {isa = PBXFileReference; lastKnownFileType = sourcecode.swift; path = Heading.swift; sourceTree = "<group>"; };
		31D02807270F1784003A9B9E /* BackgroundColorView.swift */ = {isa = PBXFileReference; lastKnownFileType = sourcecode.swift; path = BackgroundColorView.swift; sourceTree = "<group>"; };
		31FCC44027225C0E00240E47 /* AngleComparisonView.swift */ = {isa = PBXFileReference; lastKnownFileType = sourcecode.swift; path = AngleComparisonView.swift; sourceTree = "<group>"; };
		44CD98A43D830E1C3727CD10 /* Pods_ShootingApp.framework */ = {isa = PBXFileReference; explicitFileType = wrapper.framework; includeInIndex = 0; path = Pods_ShootingApp.framework; sourceTree = BUILT_PRODUCTS_DIR; };
		6D02284A280B767400C51F79 /* NavigationTitleModifier.swift */ = {isa = PBXFileReference; lastKnownFileType = sourcecode.swift; path = NavigationTitleModifier.swift; sourceTree = "<group>"; };
		6D02284C280BACA100C51F79 /* TeamCreateView.swift */ = {isa = PBXFileReference; lastKnownFileType = sourcecode.swift; path = TeamCreateView.swift; sourceTree = "<group>"; };
		6D02284E280BC3FA00C51F79 /* UserInfoModel.swift */ = {isa = PBXFileReference; lastKnownFileType = sourcecode.swift; path = UserInfoModel.swift; sourceTree = "<group>"; };
		6D022850280BCF0500C51F79 /* TeamJoinView.swift */ = {isa = PBXFileReference; lastKnownFileType = sourcecode.swift; path = TeamJoinView.swift; sourceTree = "<group>"; };
		6D022852280CEC4800C51F79 /* ManualWorkoutViewModel.swift */ = {isa = PBXFileReference; lastKnownFileType = sourcecode.swift; path = ManualWorkoutViewModel.swift; sourceTree = "<group>"; };
		6D022854280CEC8000C51F79 /* WorkoutModel.swift */ = {isa = PBXFileReference; lastKnownFileType = sourcecode.swift; path = WorkoutModel.swift; sourceTree = "<group>"; };
		6D022856280D0A6400C51F79 /* ManualWorkoutCompletedSummaryView.swift */ = {isa = PBXFileReference; lastKnownFileType = sourcecode.swift; path = ManualWorkoutCompletedSummaryView.swift; sourceTree = "<group>"; };
		6D022858280D198400C51F79 /* ManualWorkoutCreateView.swift */ = {isa = PBXFileReference; lastKnownFileType = sourcecode.swift; path = ManualWorkoutCreateView.swift; sourceTree = "<group>"; };
		6D5F19AA280DF21000271C9A /* ChartView.swift */ = {isa = PBXFileReference; lastKnownFileType = sourcecode.swift; path = ChartView.swift; sourceTree = "<group>"; };
		6D5F19AD280F041500271C9A /* StatisticsModel.swift */ = {isa = PBXFileReference; lastKnownFileType = sourcecode.swift; path = StatisticsModel.swift; sourceTree = "<group>"; };
		6D5F19AF280F042500271C9A /* StatisticsViewModel.swift */ = {isa = PBXFileReference; lastKnownFileType = sourcecode.swift; path = StatisticsViewModel.swift; sourceTree = "<group>"; };
		6D5F19B2280F49C200271C9A /* ChatViewModel.swift */ = {isa = PBXFileReference; lastKnownFileType = sourcecode.swift; path = ChatViewModel.swift; sourceTree = "<group>"; };
		6D5F19B4280F49E600271C9A /* MsgModel.swift */ = {isa = PBXFileReference; lastKnownFileType = sourcecode.swift; path = MsgModel.swift; sourceTree = "<group>"; };
		6D6ECE8B28195A5600BF1708 /* ChatBubble.swift */ = {isa = PBXFileReference; lastKnownFileType = sourcecode.swift; path = ChatBubble.swift; sourceTree = "<group>"; };
		6D6ECE8D28195A6A00BF1708 /* ChatRow.swift */ = {isa = PBXFileReference; lastKnownFileType = sourcecode.swift; path = ChatRow.swift; sourceTree = "<group>"; };
		6DBC271B280F94DF00DE27CA /* Chat.swift */ = {isa = PBXFileReference; lastKnownFileType = sourcecode.swift; path = Chat.swift; sourceTree = "<group>"; };
		6DDEB903283177E6004C6398 /* VerbalFeedbackView.swift */ = {isa = PBXFileReference; lastKnownFileType = sourcecode.swift; path = VerbalFeedbackView.swift; sourceTree = "<group>"; };
		6DE152B427E18F16004B148A /* VideoComparisonChooseScreen.swift */ = {isa = PBXFileReference; lastKnownFileType = sourcecode.swift; path = VideoComparisonChooseScreen.swift; sourceTree = "<group>"; };
		6DE152B627E18F73004B148A /* VideoCard.swift */ = {isa = PBXFileReference; lastKnownFileType = sourcecode.swift; path = VideoCard.swift; sourceTree = "<group>"; };
		6DE3781D27FB763F00B28DF5 /* WorkoutInformationTag.swift */ = {isa = PBXFileReference; lastKnownFileType = sourcecode.swift; path = WorkoutInformationTag.swift; sourceTree = "<group>"; };
		6DE3782227FBE8D800B28DF5 /* WorkoutDetailView.swift */ = {isa = PBXFileReference; lastKnownFileType = sourcecode.swift; path = WorkoutDetailView.swift; sourceTree = "<group>"; };
		6DE3782427FBED1700B28DF5 /* ManualWorkoutSummaryView.swift */ = {isa = PBXFileReference; lastKnownFileType = sourcecode.swift; path = ManualWorkoutSummaryView.swift; sourceTree = "<group>"; };
		6DE3782627FBEDE900B28DF5 /* InWorkoutView.swift */ = {isa = PBXFileReference; lastKnownFileType = sourcecode.swift; path = InWorkoutView.swift; sourceTree = "<group>"; };
		6DE616C227F785DE0087AE6B /* ManualWorkoutEntry.swift */ = {isa = PBXFileReference; lastKnownFileType = sourcecode.swift; path = ManualWorkoutEntry.swift; sourceTree = "<group>"; };
		6E3D172492283E3FBF9EFE3D /* Pods-ShootingApp-ShootingAppUITests.release.xcconfig */ = {isa = PBXFileReference; includeInIndex = 1; lastKnownFileType = text.xcconfig; name = "Pods-ShootingApp-ShootingAppUITests.release.xcconfig"; path = "Target Support Files/Pods-ShootingApp-ShootingAppUITests/Pods-ShootingApp-ShootingAppUITests.release.xcconfig"; sourceTree = "<group>"; };
		7E99AA1B146BB51ED87D513B /* Pods-ShootingAppTests.release.xcconfig */ = {isa = PBXFileReference; includeInIndex = 1; lastKnownFileType = text.xcconfig; name = "Pods-ShootingAppTests.release.xcconfig"; path = "Target Support Files/Pods-ShootingAppTests/Pods-ShootingAppTests.release.xcconfig"; sourceTree = "<group>"; };
		89FF2798ACD48FDA0E96E7E7 /* Pods_ShootingAppTests.framework */ = {isa = PBXFileReference; explicitFileType = wrapper.framework; includeInIndex = 0; path = Pods_ShootingAppTests.framework; sourceTree = BUILT_PRODUCTS_DIR; };
		B43CB6D16970C26F0FC75012 /* Pods-ShootingAppTests.debug.xcconfig */ = {isa = PBXFileReference; includeInIndex = 1; lastKnownFileType = text.xcconfig; name = "Pods-ShootingAppTests.debug.xcconfig"; path = "Target Support Files/Pods-ShootingAppTests/Pods-ShootingAppTests.debug.xcconfig"; sourceTree = "<group>"; };
		E923F18116AF3A9FACCC4EAD /* Pods_ShootingApp_ShootingAppUITests.framework */ = {isa = PBXFileReference; explicitFileType = wrapper.framework; includeInIndex = 0; path = Pods_ShootingApp_ShootingAppUITests.framework; sourceTree = BUILT_PRODUCTS_DIR; };
		FD68CB7990248E2F84BDCC65 /* Pods-ShootingApp.release.xcconfig */ = {isa = PBXFileReference; includeInIndex = 1; lastKnownFileType = text.xcconfig; name = "Pods-ShootingApp.release.xcconfig"; path = "Target Support Files/Pods-ShootingApp/Pods-ShootingApp.release.xcconfig"; sourceTree = "<group>"; };
/* End PBXFileReference section */

/* Begin PBXFrameworksBuildPhase section */
		31479F93262F2F5900F8EA26 /* Frameworks */ = {
			isa = PBXFrameworksBuildPhase;
			buildActionMask = 2147483647;
			files = (
				31479FF9262F85CB00F8EA26 /* SwiftUICharts in Frameworks */,
				F26B22CB5525902FEE3F3329 /* Pods_ShootingApp.framework in Frameworks */,
			);
			runOnlyForDeploymentPostprocessing = 0;
		};
		31479FA4262F2F5B00F8EA26 /* Frameworks */ = {
			isa = PBXFrameworksBuildPhase;
			buildActionMask = 2147483647;
			files = (
				B4CE6703E0C80C2D79FC3673 /* Pods_ShootingAppTests.framework in Frameworks */,
			);
			runOnlyForDeploymentPostprocessing = 0;
		};
		31479FAF262F2F5B00F8EA26 /* Frameworks */ = {
			isa = PBXFrameworksBuildPhase;
			buildActionMask = 2147483647;
			files = (
				403E35C0C4FEFFA38D03DF28 /* Pods_ShootingApp_ShootingAppUITests.framework in Frameworks */,
			);
			runOnlyForDeploymentPostprocessing = 0;
		};
/* End PBXFrameworksBuildPhase section */

/* Begin PBXGroup section */
		1FF0BEA380CE44C877198630 /* Pods */ = {
			isa = PBXGroup;
			children = (
				0B86D4BB672683B9EBD742C7 /* Pods-ShootingApp.debug.xcconfig */,
				FD68CB7990248E2F84BDCC65 /* Pods-ShootingApp.release.xcconfig */,
				1B07451769B673863F3FECD5 /* Pods-ShootingApp-ShootingAppUITests.debug.xcconfig */,
				6E3D172492283E3FBF9EFE3D /* Pods-ShootingApp-ShootingAppUITests.release.xcconfig */,
				B43CB6D16970C26F0FC75012 /* Pods-ShootingAppTests.debug.xcconfig */,
				7E99AA1B146BB51ED87D513B /* Pods-ShootingAppTests.release.xcconfig */,
			);
			path = Pods;
			sourceTree = "<group>";
		};
		31191B5426A1322D00B8791F /* Video Capture */ = {
			isa = PBXGroup;
			children = (
				3166D96026C1AE8800BDC28F /* AVCapture Configurations */,
				31191B5526A1322D00B8791F /* VideoCapture.swift */,
				31191B7826A1325600B8791F /* PerformanceReporter.swift */,
				31191B5E26A1323300B8791F /* VideoProcessingChain.swift */,
			);
			path = "Video Capture";
			sourceTree = "<group>";
		};
		31191B6926A1324900B8791F /* Action Classifier */ = {
			isa = PBXGroup;
			children = (
				3190AEA72697E0220072F0AE /* Predictor.swift */,
				31191B6226A1323B00B8791F /* Pose.swift */,
				3166D95B26C1AA7E00BDC28F /* FormShootingClassifier.mlmodel */,
				31191B6C26A1324900B8791F /* ActionPrediction.swift */,
				3166D95D26C1AB5100BDC28F /* FormShootingClassifierExtensions.swift */,
			);
			path = "Action Classifier";
			sourceTree = "<group>";
		};
		31479F8D262F2F5900F8EA26 = {
			isa = PBXGroup;
			children = (
				31479F98262F2F5900F8EA26 /* ShootingApp */,
				31479FAA262F2F5B00F8EA26 /* ShootingAppTests */,
				31479FB5262F2F5B00F8EA26 /* ShootingAppUITests */,
				31479F97262F2F5900F8EA26 /* Products */,
				1FF0BEA380CE44C877198630 /* Pods */,
				525491A122E2DC6284671FD8 /* Frameworks */,
			);
			sourceTree = "<group>";
		};
		31479F97262F2F5900F8EA26 /* Products */ = {
			isa = PBXGroup;
			children = (
				31479F96262F2F5900F8EA26 /* ShootingApp.app */,
				31479FA7262F2F5B00F8EA26 /* ShootingAppTests.xctest */,
				31479FB2262F2F5B00F8EA26 /* ShootingAppUITests.xctest */,
			);
			name = Products;
			sourceTree = "<group>";
		};
		31479F98262F2F5900F8EA26 /* ShootingApp */ = {
			isa = PBXGroup;
			children = (
				315534B82662D52000276732 /* HomeScreen.swift */,
				31479F99262F2F5900F8EA26 /* ShootingAppApp.swift */,
				31479FF2262F78A800F8EA26 /* MainScreen.swift */,
				31D02801270F15CA003A9B9E /* Generic */,
				315C315A26BDD55B0021AD1F /* Authentication */,
				6DE616C127F785820087AE6B /* Manual Workout */,
				31AA8BA32751E052005EF9EA /* Teams */,
				6D5F19B1280F499400271C9A /* Chat */,
				6D5F19AC280E744B00271C9A /* Statistics */,
				3166D95A26C1A95D00BDC28F /* Video Playback */,
				31479F9D262F2F5B00F8EA26 /* Assets.xcassets */,
				3166D96526C1B3B700BDC28F /* Workout */,
				31479FA2262F2F5B00F8EA26 /* Info.plist */,
				31479FC7262F2FE100F8EA26 /* GoogleService-Info.plist */,
				31479F9F262F2F5B00F8EA26 /* Preview Content */,
				6D02284E280BC3FA00C51F79 /* UserInfoModel.swift */,
			);
			path = ShootingApp;
			sourceTree = "<group>";
		};
		31479F9F262F2F5B00F8EA26 /* Preview Content */ = {
			isa = PBXGroup;
			children = (
				31479FA0262F2F5B00F8EA26 /* Preview Assets.xcassets */,
			);
			path = "Preview Content";
			sourceTree = "<group>";
		};
		31479FAA262F2F5B00F8EA26 /* ShootingAppTests */ = {
			isa = PBXGroup;
			children = (
				31479FAB262F2F5B00F8EA26 /* ShootingAppTests.swift */,
				31479FAD262F2F5B00F8EA26 /* Info.plist */,
			);
			path = ShootingAppTests;
			sourceTree = "<group>";
		};
		31479FB5262F2F5B00F8EA26 /* ShootingAppUITests */ = {
			isa = PBXGroup;
			children = (
				31479FB6262F2F5B00F8EA26 /* ShootingAppUITests.swift */,
				31479FB8262F2F5B00F8EA26 /* Info.plist */,
			);
			path = ShootingAppUITests;
			sourceTree = "<group>";
		};
		315C315A26BDD55B0021AD1F /* Authentication */ = {
			isa = PBXGroup;
			children = (
				315C316426BDD9D50021AD1F /* Entry */,
				315C316726BDDB2D0021AD1F /* Login */,
				315C316A26BDF2330021AD1F /* Sign Up */,
				315C316B26BDF2420021AD1F /* Error */,
			);
			path = Authentication;
			sourceTree = "<group>";
		};
		315C316426BDD9D50021AD1F /* Entry */ = {
			isa = PBXGroup;
			children = (
				315C316226BDD66D0021AD1F /* EntryView.swift */,
				315C316526BDD9EC0021AD1F /* EntryViewModel.swift */,
			);
			path = Entry;
			sourceTree = "<group>";
		};
		315C316726BDDB2D0021AD1F /* Login */ = {
			isa = PBXGroup;
			children = (
				315C315C26BDD58F0021AD1F /* LoginView.swift */,
				315C316826BDDB420021AD1F /* LoginViewModel.swift */,
				31866142270BE783006E026C /* SignUp.swift */,
			);
			path = Login;
			sourceTree = "<group>";
		};
		315C316A26BDF2330021AD1F /* Sign Up */ = {
			isa = PBXGroup;
			children = (
				31866144270BE7A2006E026C /* SignUpView.swift */,
				315C316C26BDF25B0021AD1F /* SignUpViewModel.swift */,
			);
			path = "\U0010Sign Up";
			sourceTree = "<group>";
		};
		315C316B26BDF2420021AD1F /* Error */ = {
			isa = PBXGroup;
			children = (
				315C316026BDD61B0021AD1F /* ErrorView.swift */,
			);
			path = Error;
			sourceTree = "<group>";
		};
		3166D95926C1A91B00BDC28F /* Action Prediction */ = {
			isa = PBXGroup;
			children = (
				3166D95F26C1ADFB00BDC28F /* Models */,
				3166D96D26C1BCCC00BDC28F /* ViewModels */,
				3166D96E26C1BCF000BDC28F /* Views */,
			);
			path = "Action Prediction";
			sourceTree = "<group>";
		};
		3166D95A26C1A95D00BDC28F /* Video Playback */ = {
			isa = PBXGroup;
			children = (
				3166D97226C1BDAF00BDC28F /* ViewModels */,
				3166D97126C1BDA400BDC28F /* Views */,
			);
			path = "Video Playback";
			sourceTree = "<group>";
		};
		3166D95F26C1ADFB00BDC28F /* Models */ = {
			isa = PBXGroup;
			children = (
				31191B6926A1324900B8791F /* Action Classifier */,
				31191B5426A1322D00B8791F /* Video Capture */,
			);
			path = Models;
			sourceTree = "<group>";
		};
		3166D96026C1AE8800BDC28F /* AVCapture Configurations */ = {
			isa = PBXGroup;
			children = (
				31191B5826A1322D00B8791F /* AVCaptureVideoDataOutput+PixelFormat.swift */,
				31191B5726A1322D00B8791F /* AVCaptureDevice+FrameRate.swift */,
				31191B5626A1322D00B8791F /* AVCaptureDeviceInput+Camera.swift */,
			);
			path = "AVCapture Configurations";
			sourceTree = "<group>";
		};
		3166D96526C1B3B700BDC28F /* Workout */ = {
			isa = PBXGroup;
			children = (
				31ABC32A27211F7F007E8043 /* WorkoutStartPopUpView.swift */,
				3166D96126C1B1B900BDC28F /* WorkoutEntryView.swift */,
				3166D95926C1A91B00BDC28F /* Action Prediction */,
				3166D96626C1B3ED00BDC28F /* Post Workout */,
			);
			path = Workout;
			sourceTree = "<group>";
		};
		3166D96626C1B3ED00BDC28F /* Post Workout */ = {
			isa = PBXGroup;
			children = (
				3166D97026C1BD1800BDC28F /* Views */,
				3166D96F26C1BD0E00BDC28F /* Models */,
			);
			path = "Post Workout";
			sourceTree = "<group>";
		};
		3166D96D26C1BCCC00BDC28F /* ViewModels */ = {
			isa = PBXGroup;
			children = (
				3166D96326C1B31B00BDC28F /* WorkoutViewModel.swift */,
			);
			path = ViewModels;
			sourceTree = "<group>";
		};
		3166D96E26C1BCF000BDC28F /* Views */ = {
			isa = PBXGroup;
			children = (
				3166D96726C1B4AD00BDC28F /* ActiveWorkoutView.swift */,
				3178E48626B506A7002EB671 /* CameraStreamView.swift */,
			);
			path = Views;
			sourceTree = "<group>";
		};
		3166D96F26C1BD0E00BDC28F /* Models */ = {
			isa = PBXGroup;
			children = (
				3166D96B26C1BBC700BDC28F /* VideoBuilder.swift */,
				3166D97A26C1DCAC00BDC28F /* FormAnalysis.swift */,
			);
			path = Models;
			sourceTree = "<group>";
		};
		3166D97026C1BD1800BDC28F /* Views */ = {
			isa = PBXGroup;
			children = (
				3178E48426B50668002EB671 /* WorkoutReviewView.swift */,
				3166D96926C1BB6100BDC28F /* VideoPlayerView.swift */,
				31FCC44027225C0E00240E47 /* AngleComparisonView.swift */,
				6DDEB903283177E6004C6398 /* VerbalFeedbackView.swift */,
			);
			path = Views;
			sourceTree = "<group>";
		};
		3166D97126C1BDA400BDC28F /* Views */ = {
			isa = PBXGroup;
			children = (
				3166D97326C1BDC500BDC28F /* VideoPlaybackView.swift */,
				3166D97526C1BDFA00BDC28F /* URLVideoPlayerView.swift */,
				6DE152B427E18F16004B148A /* VideoComparisonChooseScreen.swift */,
				6DE152B627E18F73004B148A /* VideoCard.swift */,
			);
			path = Views;
			sourceTree = "<group>";
		};
		3166D97226C1BDAF00BDC28F /* ViewModels */ = {
			isa = PBXGroup;
			children = (
				3166D97726C1BE2700BDC28F /* VideoPlaybackModel.swift */,
			);
			path = ViewModels;
			sourceTree = "<group>";
		};
		31AA8BA32751E052005EF9EA /* Teams */ = {
			isa = PBXGroup;
			children = (
				31AA8BA42751E082005EF9EA /* TeamsModel.swift */,
				31AA8BA62751E2E3005EF9EA /* TeamCard.swift */,
				31AA8BA82751EA7E005EF9EA /* TeamsHomeView.swift */,
				31AA8BAA2751F388005EF9EA /* TeamDetailView.swift */,
				31AA8BAC2751F7B6005EF9EA /* TeamEditView.swift */,
				31AA8BAE27520F99005EF9EA /* TeamViewModel.swift */,
				6D02284C280BACA100C51F79 /* TeamCreateView.swift */,
				6D022850280BCF0500C51F79 /* TeamJoinView.swift */,
			);
			path = Teams;
			sourceTree = "<group>";
		};
		31D02801270F15CA003A9B9E /* Generic */ = {
			isa = PBXGroup;
			children = (
				31065EE927047EF9000082C4 /* Colors.swift */,
				31D027FD270F11EA003A9B9E /* NavigationButton.swift */,
				31D027FF270F1508003A9B9E /* Heading.swift */,
				31D02807270F1784003A9B9E /* BackgroundColorView.swift */,
				31AA8BA12751C88D005EF9EA /* SuperTextField.swift */,
				6D02284A280B767400C51F79 /* NavigationTitleModifier.swift */,
			);
			path = Generic;
			sourceTree = "<group>";
		};
		525491A122E2DC6284671FD8 /* Frameworks */ = {
			isa = PBXGroup;
			children = (
				44CD98A43D830E1C3727CD10 /* Pods_ShootingApp.framework */,
				E923F18116AF3A9FACCC4EAD /* Pods_ShootingApp_ShootingAppUITests.framework */,
				89FF2798ACD48FDA0E96E7E7 /* Pods_ShootingAppTests.framework */,
			);
			name = Frameworks;
			sourceTree = "<group>";
		};
		6D5F19AC280E744B00271C9A /* Statistics */ = {
			isa = PBXGroup;
			children = (
				6D5F19AA280DF21000271C9A /* ChartView.swift */,
				6D5F19AD280F041500271C9A /* StatisticsModel.swift */,
				6D5F19AF280F042500271C9A /* StatisticsViewModel.swift */,
			);
			path = Statistics;
			sourceTree = "<group>";
		};
		6D5F19B1280F499400271C9A /* Chat */ = {
			isa = PBXGroup;
			children = (
				6D5F19B2280F49C200271C9A /* ChatViewModel.swift */,
				6D5F19B4280F49E600271C9A /* MsgModel.swift */,
				6DBC271B280F94DF00DE27CA /* Chat.swift */,
				6D6ECE8B28195A5600BF1708 /* ChatBubble.swift */,
				6D6ECE8D28195A6A00BF1708 /* ChatRow.swift */,
			);
			path = Chat;
			sourceTree = "<group>";
		};
		6DE616C127F785820087AE6B /* Manual Workout */ = {
			isa = PBXGroup;
			children = (
				6DE616C227F785DE0087AE6B /* ManualWorkoutEntry.swift */,
				6DE3781D27FB763F00B28DF5 /* WorkoutInformationTag.swift */,
				6DE3782227FBE8D800B28DF5 /* WorkoutDetailView.swift */,
				6DE3782427FBED1700B28DF5 /* ManualWorkoutSummaryView.swift */,
				6DE3782627FBEDE900B28DF5 /* InWorkoutView.swift */,
				6D022852280CEC4800C51F79 /* ManualWorkoutViewModel.swift */,
				6D022854280CEC8000C51F79 /* WorkoutModel.swift */,
				6D022856280D0A6400C51F79 /* ManualWorkoutCompletedSummaryView.swift */,
				6D022858280D198400C51F79 /* ManualWorkoutCreateView.swift */,
			);
			path = "Manual Workout";
			sourceTree = "<group>";
		};
/* End PBXGroup section */

/* Begin PBXNativeTarget section */
		31479F95262F2F5900F8EA26 /* ShootingApp */ = {
			isa = PBXNativeTarget;
			buildConfigurationList = 31479FBB262F2F5B00F8EA26 /* Build configuration list for PBXNativeTarget "ShootingApp" */;
			buildPhases = (
				D054E89A66C47E9EA2B25472 /* [CP] Check Pods Manifest.lock */,
				31479F92262F2F5900F8EA26 /* Sources */,
				31479F93262F2F5900F8EA26 /* Frameworks */,
				31479F94262F2F5900F8EA26 /* Resources */,
				B9C9C7F58070D5EF408417A1 /* [CP] Embed Pods Frameworks */,
			);
			buildRules = (
			);
			dependencies = (
			);
			name = ShootingApp;
			packageProductDependencies = (
				31479FF8262F85CB00F8EA26 /* SwiftUICharts */,
			);
			productName = ShootingApp;
			productReference = 31479F96262F2F5900F8EA26 /* ShootingApp.app */;
			productType = "com.apple.product-type.application";
		};
		31479FA6262F2F5B00F8EA26 /* ShootingAppTests */ = {
			isa = PBXNativeTarget;
			buildConfigurationList = 31479FBE262F2F5B00F8EA26 /* Build configuration list for PBXNativeTarget "ShootingAppTests" */;
			buildPhases = (
				9552C85A74CD0D0C3F4C0EF9 /* [CP] Check Pods Manifest.lock */,
				31479FA3262F2F5B00F8EA26 /* Sources */,
				31479FA4262F2F5B00F8EA26 /* Frameworks */,
				31479FA5262F2F5B00F8EA26 /* Resources */,
			);
			buildRules = (
			);
			dependencies = (
				31479FA9262F2F5B00F8EA26 /* PBXTargetDependency */,
			);
			name = ShootingAppTests;
			productName = ShootingAppTests;
			productReference = 31479FA7262F2F5B00F8EA26 /* ShootingAppTests.xctest */;
			productType = "com.apple.product-type.bundle.unit-test";
		};
		31479FB1262F2F5B00F8EA26 /* ShootingAppUITests */ = {
			isa = PBXNativeTarget;
			buildConfigurationList = 31479FC1262F2F5B00F8EA26 /* Build configuration list for PBXNativeTarget "ShootingAppUITests" */;
			buildPhases = (
				2F90EA1FFE8FE9E7EFBC6F1A /* [CP] Check Pods Manifest.lock */,
				31479FAE262F2F5B00F8EA26 /* Sources */,
				31479FAF262F2F5B00F8EA26 /* Frameworks */,
				31479FB0262F2F5B00F8EA26 /* Resources */,
				36E621F7E0074BB1DE849109 /* [CP] Embed Pods Frameworks */,
			);
			buildRules = (
			);
			dependencies = (
				31479FB4262F2F5B00F8EA26 /* PBXTargetDependency */,
			);
			name = ShootingAppUITests;
			productName = ShootingAppUITests;
			productReference = 31479FB2262F2F5B00F8EA26 /* ShootingAppUITests.xctest */;
			productType = "com.apple.product-type.bundle.ui-testing";
		};
/* End PBXNativeTarget section */

/* Begin PBXProject section */
		31479F8E262F2F5900F8EA26 /* Project object */ = {
			isa = PBXProject;
			attributes = {
				LastSwiftUpdateCheck = 1240;
				LastUpgradeCheck = 1240;
				TargetAttributes = {
					31479F95262F2F5900F8EA26 = {
						CreatedOnToolsVersion = 12.4;
					};
					31479FA6262F2F5B00F8EA26 = {
						CreatedOnToolsVersion = 12.4;
						TestTargetID = 31479F95262F2F5900F8EA26;
					};
					31479FB1262F2F5B00F8EA26 = {
						CreatedOnToolsVersion = 12.4;
						TestTargetID = 31479F95262F2F5900F8EA26;
					};
				};
			};
			buildConfigurationList = 31479F91262F2F5900F8EA26 /* Build configuration list for PBXProject "ShootingApp" */;
			compatibilityVersion = "Xcode 9.3";
			developmentRegion = en;
			hasScannedForEncodings = 0;
			knownRegions = (
				en,
				Base,
			);
			mainGroup = 31479F8D262F2F5900F8EA26;
			packageReferences = (
				31479FF7262F85CB00F8EA26 /* XCRemoteSwiftPackageReference "ChartView" */,
			);
			productRefGroup = 31479F97262F2F5900F8EA26 /* Products */;
			projectDirPath = "";
			projectRoot = "";
			targets = (
				31479F95262F2F5900F8EA26 /* ShootingApp */,
				31479FA6262F2F5B00F8EA26 /* ShootingAppTests */,
				31479FB1262F2F5B00F8EA26 /* ShootingAppUITests */,
			);
		};
/* End PBXProject section */

/* Begin PBXResourcesBuildPhase section */
		31479F94262F2F5900F8EA26 /* Resources */ = {
			isa = PBXResourcesBuildPhase;
			buildActionMask = 2147483647;
			files = (
				31479FA1262F2F5B00F8EA26 /* Preview Assets.xcassets in Resources */,
				31479F9E262F2F5B00F8EA26 /* Assets.xcassets in Resources */,
				31479FC8262F2FE100F8EA26 /* GoogleService-Info.plist in Resources */,
			);
			runOnlyForDeploymentPostprocessing = 0;
		};
		31479FA5262F2F5B00F8EA26 /* Resources */ = {
			isa = PBXResourcesBuildPhase;
			buildActionMask = 2147483647;
			files = (
			);
			runOnlyForDeploymentPostprocessing = 0;
		};
		31479FB0262F2F5B00F8EA26 /* Resources */ = {
			isa = PBXResourcesBuildPhase;
			buildActionMask = 2147483647;
			files = (
			);
			runOnlyForDeploymentPostprocessing = 0;
		};
/* End PBXResourcesBuildPhase section */

/* Begin PBXShellScriptBuildPhase section */
		2F90EA1FFE8FE9E7EFBC6F1A /* [CP] Check Pods Manifest.lock */ = {
			isa = PBXShellScriptBuildPhase;
			buildActionMask = 2147483647;
			files = (
			);
			inputFileListPaths = (
			);
			inputPaths = (
				"${PODS_PODFILE_DIR_PATH}/Podfile.lock",
				"${PODS_ROOT}/Manifest.lock",
			);
			name = "[CP] Check Pods Manifest.lock";
			outputFileListPaths = (
			);
			outputPaths = (
				"$(DERIVED_FILE_DIR)/Pods-ShootingApp-ShootingAppUITests-checkManifestLockResult.txt",
			);
			runOnlyForDeploymentPostprocessing = 0;
			shellPath = /bin/sh;
			shellScript = "diff \"${PODS_PODFILE_DIR_PATH}/Podfile.lock\" \"${PODS_ROOT}/Manifest.lock\" > /dev/null\nif [ $? != 0 ] ; then\n    # print error to STDERR\n    echo \"error: The sandbox is not in sync with the Podfile.lock. Run 'pod install' or update your CocoaPods installation.\" >&2\n    exit 1\nfi\n# This output is used by Xcode 'outputs' to avoid re-running this script phase.\necho \"SUCCESS\" > \"${SCRIPT_OUTPUT_FILE_0}\"\n";
			showEnvVarsInLog = 0;
		};
		36E621F7E0074BB1DE849109 /* [CP] Embed Pods Frameworks */ = {
			isa = PBXShellScriptBuildPhase;
			buildActionMask = 2147483647;
			files = (
			);
			inputFileListPaths = (
				"${PODS_ROOT}/Target Support Files/Pods-ShootingApp-ShootingAppUITests/Pods-ShootingApp-ShootingAppUITests-frameworks-${CONFIGURATION}-input-files.xcfilelist",
			);
			name = "[CP] Embed Pods Frameworks";
			outputFileListPaths = (
				"${PODS_ROOT}/Target Support Files/Pods-ShootingApp-ShootingAppUITests/Pods-ShootingApp-ShootingAppUITests-frameworks-${CONFIGURATION}-output-files.xcfilelist",
			);
			runOnlyForDeploymentPostprocessing = 0;
			shellPath = /bin/sh;
			shellScript = "\"${PODS_ROOT}/Target Support Files/Pods-ShootingApp-ShootingAppUITests/Pods-ShootingApp-ShootingAppUITests-frameworks.sh\"\n";
			showEnvVarsInLog = 0;
		};
		9552C85A74CD0D0C3F4C0EF9 /* [CP] Check Pods Manifest.lock */ = {
			isa = PBXShellScriptBuildPhase;
			buildActionMask = 2147483647;
			files = (
			);
			inputFileListPaths = (
			);
			inputPaths = (
				"${PODS_PODFILE_DIR_PATH}/Podfile.lock",
				"${PODS_ROOT}/Manifest.lock",
			);
			name = "[CP] Check Pods Manifest.lock";
			outputFileListPaths = (
			);
			outputPaths = (
				"$(DERIVED_FILE_DIR)/Pods-ShootingAppTests-checkManifestLockResult.txt",
			);
			runOnlyForDeploymentPostprocessing = 0;
			shellPath = /bin/sh;
			shellScript = "diff \"${PODS_PODFILE_DIR_PATH}/Podfile.lock\" \"${PODS_ROOT}/Manifest.lock\" > /dev/null\nif [ $? != 0 ] ; then\n    # print error to STDERR\n    echo \"error: The sandbox is not in sync with the Podfile.lock. Run 'pod install' or update your CocoaPods installation.\" >&2\n    exit 1\nfi\n# This output is used by Xcode 'outputs' to avoid re-running this script phase.\necho \"SUCCESS\" > \"${SCRIPT_OUTPUT_FILE_0}\"\n";
			showEnvVarsInLog = 0;
		};
		B9C9C7F58070D5EF408417A1 /* [CP] Embed Pods Frameworks */ = {
			isa = PBXShellScriptBuildPhase;
			buildActionMask = 2147483647;
			files = (
			);
			inputFileListPaths = (
				"${PODS_ROOT}/Target Support Files/Pods-ShootingApp/Pods-ShootingApp-frameworks-${CONFIGURATION}-input-files.xcfilelist",
			);
			name = "[CP] Embed Pods Frameworks";
			outputFileListPaths = (
				"${PODS_ROOT}/Target Support Files/Pods-ShootingApp/Pods-ShootingApp-frameworks-${CONFIGURATION}-output-files.xcfilelist",
			);
			runOnlyForDeploymentPostprocessing = 0;
			shellPath = /bin/sh;
			shellScript = "\"${PODS_ROOT}/Target Support Files/Pods-ShootingApp/Pods-ShootingApp-frameworks.sh\"\n";
			showEnvVarsInLog = 0;
		};
		D054E89A66C47E9EA2B25472 /* [CP] Check Pods Manifest.lock */ = {
			isa = PBXShellScriptBuildPhase;
			buildActionMask = 2147483647;
			files = (
			);
			inputFileListPaths = (
			);
			inputPaths = (
				"${PODS_PODFILE_DIR_PATH}/Podfile.lock",
				"${PODS_ROOT}/Manifest.lock",
			);
			name = "[CP] Check Pods Manifest.lock";
			outputFileListPaths = (
			);
			outputPaths = (
				"$(DERIVED_FILE_DIR)/Pods-ShootingApp-checkManifestLockResult.txt",
			);
			runOnlyForDeploymentPostprocessing = 0;
			shellPath = /bin/sh;
			shellScript = "diff \"${PODS_PODFILE_DIR_PATH}/Podfile.lock\" \"${PODS_ROOT}/Manifest.lock\" > /dev/null\nif [ $? != 0 ] ; then\n    # print error to STDERR\n    echo \"error: The sandbox is not in sync with the Podfile.lock. Run 'pod install' or update your CocoaPods installation.\" >&2\n    exit 1\nfi\n# This output is used by Xcode 'outputs' to avoid re-running this script phase.\necho \"SUCCESS\" > \"${SCRIPT_OUTPUT_FILE_0}\"\n";
			showEnvVarsInLog = 0;
		};
/* End PBXShellScriptBuildPhase section */

/* Begin PBXSourcesBuildPhase section */
		31479F92262F2F5900F8EA26 /* Sources */ = {
			isa = PBXSourcesBuildPhase;
			buildActionMask = 2147483647;
			files = (
				31D02800270F1508003A9B9E /* Heading.swift in Sources */,
				31FCC44127225C0E00240E47 /* AngleComparisonView.swift in Sources */,
				3166D95E26C1AB5100BDC28F /* FormShootingClassifierExtensions.swift in Sources */,
				31065EEA27047EF9000082C4 /* Colors.swift in Sources */,
				315534B92662D52100276732 /* HomeScreen.swift in Sources */,
				6D5F19AE280F041500271C9A /* StatisticsModel.swift in Sources */,
				3166D97826C1BE2700BDC28F /* VideoPlaybackModel.swift in Sources */,
				31479FF3262F78A800F8EA26 /* MainScreen.swift in Sources */,
				315C316126BDD61B0021AD1F /* ErrorView.swift in Sources */,
				6D022851280BCF0500C51F79 /* TeamJoinView.swift in Sources */,
				6D5F19AB280DF21000271C9A /* ChartView.swift in Sources */,
				31AA8BA52751E082005EF9EA /* TeamsModel.swift in Sources */,
				3166D97B26C1DCAC00BDC28F /* FormAnalysis.swift in Sources */,
				6DBC271C280F94DF00DE27CA /* Chat.swift in Sources */,
				6DE3782727FBEDE900B28DF5 /* InWorkoutView.swift in Sources */,
				31AA8BA92751EA7E005EF9EA /* TeamsHomeView.swift in Sources */,
				3166D96226C1B1B900BDC28F /* WorkoutEntryView.swift in Sources */,
				6DE616C327F785DE0087AE6B /* ManualWorkoutEntry.swift in Sources */,
				31191B5B26A1322D00B8791F /* AVCaptureDevice+FrameRate.swift in Sources */,
				6D6ECE8C28195A5600BF1708 /* ChatBubble.swift in Sources */,
				31D02808270F1784003A9B9E /* BackgroundColorView.swift in Sources */,
				6D02284D280BACA100C51F79 /* TeamCreateView.swift in Sources */,
				6DE3781E27FB763F00B28DF5 /* WorkoutInformationTag.swift in Sources */,
				6D02284F280BC3FA00C51F79 /* UserInfoModel.swift in Sources */,
				31191B5C26A1322D00B8791F /* AVCaptureVideoDataOutput+PixelFormat.swift in Sources */,
				31191B7926A1325600B8791F /* PerformanceReporter.swift in Sources */,
				31AA8BAB2751F389005EF9EA /* TeamDetailView.swift in Sources */,
				6DE3782327FBE8D800B28DF5 /* WorkoutDetailView.swift in Sources */,
				31191B5F26A1323300B8791F /* VideoProcessingChain.swift in Sources */,
				31866145270BE7A2006E026C /* SignUpView.swift in Sources */,
				31ABC32B27211F7F007E8043 /* WorkoutStartPopUpView.swift in Sources */,
				6DDEB904283177E6004C6398 /* VerbalFeedbackView.swift in Sources */,
				6D6ECE8E28195A6A00BF1708 /* ChatRow.swift in Sources */,
				3166D97626C1BDFA00BDC28F /* URLVideoPlayerView.swift in Sources */,
				31191B5926A1322D00B8791F /* VideoCapture.swift in Sources */,
				6DE152B527E18F16004B148A /* VideoComparisonChooseScreen.swift in Sources */,
				315C316326BDD66D0021AD1F /* EntryView.swift in Sources */,
				315C316926BDDB420021AD1F /* LoginViewModel.swift in Sources */,
				6D02284B280B767400C51F79 /* NavigationTitleModifier.swift in Sources */,
				3166D96426C1B31B00BDC28F /* WorkoutViewModel.swift in Sources */,
				3166D96826C1B4AD00BDC28F /* ActiveWorkoutView.swift in Sources */,
				31AA8BA22751C88D005EF9EA /* SuperTextField.swift in Sources */,
				315C316D26BDF25B0021AD1F /* SignUpViewModel.swift in Sources */,
				31191B7326A1324900B8791F /* ActionPrediction.swift in Sources */,
				6D022853280CEC4900C51F79 /* ManualWorkoutViewModel.swift in Sources */,
				6D022855280CEC8000C51F79 /* WorkoutModel.swift in Sources */,
				3190AEA82697E0220072F0AE /* Predictor.swift in Sources */,
				6D5F19B0280F042600271C9A /* StatisticsViewModel.swift in Sources */,
				31191B6626A1323B00B8791F /* Pose.swift in Sources */,
				31AA8BAF27520F99005EF9EA /* TeamViewModel.swift in Sources */,
				3178E48726B506A7002EB671 /* CameraStreamView.swift in Sources */,
				315C316626BDD9EC0021AD1F /* EntryViewModel.swift in Sources */,
				6D5F19B3280F49C200271C9A /* ChatViewModel.swift in Sources */,
				315C315D26BDD58F0021AD1F /* LoginView.swift in Sources */,
				31AA8BA72751E2E3005EF9EA /* TeamCard.swift in Sources */,
				31866143270BE783006E026C /* SignUp.swift in Sources */,
				3166D96A26C1BB6100BDC28F /* VideoPlayerView.swift in Sources */,
				31D027FE270F11EA003A9B9E /* NavigationButton.swift in Sources */,
				3166D95C26C1AA7E00BDC28F /* FormShootingClassifier.mlmodel in Sources */,
				31191B5A26A1322D00B8791F /* AVCaptureDeviceInput+Camera.swift in Sources */,
				6D022859280D198500C51F79 /* ManualWorkoutCreateView.swift in Sources */,
				6D5F19B5280F49E600271C9A /* MsgModel.swift in Sources */,
				3166D96C26C1BBC700BDC28F /* VideoBuilder.swift in Sources */,
				6D022857280D0A6400C51F79 /* ManualWorkoutCompletedSummaryView.swift in Sources */,
				6DE152B727E18F73004B148A /* VideoCard.swift in Sources */,
				3178E48526B50668002EB671 /* WorkoutReviewView.swift in Sources */,
				31479F9A262F2F5900F8EA26 /* ShootingAppApp.swift in Sources */,
				3166D97426C1BDC500BDC28F /* VideoPlaybackView.swift in Sources */,
				31AA8BAD2751F7B6005EF9EA /* TeamEditView.swift in Sources */,
				6DE3782527FBED1700B28DF5 /* ManualWorkoutSummaryView.swift in Sources */,
			);
			runOnlyForDeploymentPostprocessing = 0;
		};
		31479FA3262F2F5B00F8EA26 /* Sources */ = {
			isa = PBXSourcesBuildPhase;
			buildActionMask = 2147483647;
			files = (
				31479FAC262F2F5B00F8EA26 /* ShootingAppTests.swift in Sources */,
			);
			runOnlyForDeploymentPostprocessing = 0;
		};
		31479FAE262F2F5B00F8EA26 /* Sources */ = {
			isa = PBXSourcesBuildPhase;
			buildActionMask = 2147483647;
			files = (
				31479FB7262F2F5B00F8EA26 /* ShootingAppUITests.swift in Sources */,
			);
			runOnlyForDeploymentPostprocessing = 0;
		};
/* End PBXSourcesBuildPhase section */

/* Begin PBXTargetDependency section */
		31479FA9262F2F5B00F8EA26 /* PBXTargetDependency */ = {
			isa = PBXTargetDependency;
			target = 31479F95262F2F5900F8EA26 /* ShootingApp */;
			targetProxy = 31479FA8262F2F5B00F8EA26 /* PBXContainerItemProxy */;
		};
		31479FB4262F2F5B00F8EA26 /* PBXTargetDependency */ = {
			isa = PBXTargetDependency;
			target = 31479F95262F2F5900F8EA26 /* ShootingApp */;
			targetProxy = 31479FB3262F2F5B00F8EA26 /* PBXContainerItemProxy */;
		};
/* End PBXTargetDependency section */

/* Begin XCBuildConfiguration section */
		31479FB9262F2F5B00F8EA26 /* Debug */ = {
			isa = XCBuildConfiguration;
			buildSettings = {
				ALWAYS_SEARCH_USER_PATHS = NO;
				CLANG_ANALYZER_NONNULL = YES;
				CLANG_ANALYZER_NUMBER_OBJECT_CONVERSION = YES_AGGRESSIVE;
				CLANG_CXX_LANGUAGE_STANDARD = "gnu++14";
				CLANG_CXX_LIBRARY = "libc++";
				CLANG_ENABLE_MODULES = YES;
				CLANG_ENABLE_OBJC_ARC = YES;
				CLANG_ENABLE_OBJC_WEAK = YES;
				CLANG_WARN_BLOCK_CAPTURE_AUTORELEASING = YES;
				CLANG_WARN_BOOL_CONVERSION = YES;
				CLANG_WARN_COMMA = YES;
				CLANG_WARN_CONSTANT_CONVERSION = YES;
				CLANG_WARN_DEPRECATED_OBJC_IMPLEMENTATIONS = YES;
				CLANG_WARN_DIRECT_OBJC_ISA_USAGE = YES_ERROR;
				CLANG_WARN_DOCUMENTATION_COMMENTS = YES;
				CLANG_WARN_EMPTY_BODY = YES;
				CLANG_WARN_ENUM_CONVERSION = YES;
				CLANG_WARN_INFINITE_RECURSION = YES;
				CLANG_WARN_INT_CONVERSION = YES;
				CLANG_WARN_NON_LITERAL_NULL_CONVERSION = YES;
				CLANG_WARN_OBJC_IMPLICIT_RETAIN_SELF = YES;
				CLANG_WARN_OBJC_LITERAL_CONVERSION = YES;
				CLANG_WARN_OBJC_ROOT_CLASS = YES_ERROR;
				CLANG_WARN_QUOTED_INCLUDE_IN_FRAMEWORK_HEADER = YES;
				CLANG_WARN_RANGE_LOOP_ANALYSIS = YES;
				CLANG_WARN_STRICT_PROTOTYPES = YES;
				CLANG_WARN_SUSPICIOUS_MOVE = YES;
				CLANG_WARN_UNGUARDED_AVAILABILITY = YES_AGGRESSIVE;
				CLANG_WARN_UNREACHABLE_CODE = YES;
				CLANG_WARN__DUPLICATE_METHOD_MATCH = YES;
				COPY_PHASE_STRIP = NO;
				DEBUG_INFORMATION_FORMAT = dwarf;
				ENABLE_STRICT_OBJC_MSGSEND = YES;
				ENABLE_TESTABILITY = YES;
				GCC_C_LANGUAGE_STANDARD = gnu11;
				GCC_DYNAMIC_NO_PIC = NO;
				GCC_NO_COMMON_BLOCKS = YES;
				GCC_OPTIMIZATION_LEVEL = 0;
				GCC_PREPROCESSOR_DEFINITIONS = (
					"DEBUG=1",
					"$(inherited)",
				);
				GCC_WARN_64_TO_32_BIT_CONVERSION = YES;
				GCC_WARN_ABOUT_RETURN_TYPE = YES_ERROR;
				GCC_WARN_UNDECLARED_SELECTOR = YES;
				GCC_WARN_UNINITIALIZED_AUTOS = YES_AGGRESSIVE;
				GCC_WARN_UNUSED_FUNCTION = YES;
				GCC_WARN_UNUSED_VARIABLE = YES;
				IPHONEOS_DEPLOYMENT_TARGET = 14.4;
				MTL_ENABLE_DEBUG_INFO = INCLUDE_SOURCE;
				MTL_FAST_MATH = YES;
				ONLY_ACTIVE_ARCH = YES;
				SDKROOT = iphoneos;
				SWIFT_ACTIVE_COMPILATION_CONDITIONS = DEBUG;
				SWIFT_OPTIMIZATION_LEVEL = "-Onone";
			};
			name = Debug;
		};
		31479FBA262F2F5B00F8EA26 /* Release */ = {
			isa = XCBuildConfiguration;
			buildSettings = {
				ALWAYS_SEARCH_USER_PATHS = NO;
				CLANG_ANALYZER_NONNULL = YES;
				CLANG_ANALYZER_NUMBER_OBJECT_CONVERSION = YES_AGGRESSIVE;
				CLANG_CXX_LANGUAGE_STANDARD = "gnu++14";
				CLANG_CXX_LIBRARY = "libc++";
				CLANG_ENABLE_MODULES = YES;
				CLANG_ENABLE_OBJC_ARC = YES;
				CLANG_ENABLE_OBJC_WEAK = YES;
				CLANG_WARN_BLOCK_CAPTURE_AUTORELEASING = YES;
				CLANG_WARN_BOOL_CONVERSION = YES;
				CLANG_WARN_COMMA = YES;
				CLANG_WARN_CONSTANT_CONVERSION = YES;
				CLANG_WARN_DEPRECATED_OBJC_IMPLEMENTATIONS = YES;
				CLANG_WARN_DIRECT_OBJC_ISA_USAGE = YES_ERROR;
				CLANG_WARN_DOCUMENTATION_COMMENTS = YES;
				CLANG_WARN_EMPTY_BODY = YES;
				CLANG_WARN_ENUM_CONVERSION = YES;
				CLANG_WARN_INFINITE_RECURSION = YES;
				CLANG_WARN_INT_CONVERSION = YES;
				CLANG_WARN_NON_LITERAL_NULL_CONVERSION = YES;
				CLANG_WARN_OBJC_IMPLICIT_RETAIN_SELF = YES;
				CLANG_WARN_OBJC_LITERAL_CONVERSION = YES;
				CLANG_WARN_OBJC_ROOT_CLASS = YES_ERROR;
				CLANG_WARN_QUOTED_INCLUDE_IN_FRAMEWORK_HEADER = YES;
				CLANG_WARN_RANGE_LOOP_ANALYSIS = YES;
				CLANG_WARN_STRICT_PROTOTYPES = YES;
				CLANG_WARN_SUSPICIOUS_MOVE = YES;
				CLANG_WARN_UNGUARDED_AVAILABILITY = YES_AGGRESSIVE;
				CLANG_WARN_UNREACHABLE_CODE = YES;
				CLANG_WARN__DUPLICATE_METHOD_MATCH = YES;
				COPY_PHASE_STRIP = NO;
				DEBUG_INFORMATION_FORMAT = "dwarf-with-dsym";
				ENABLE_NS_ASSERTIONS = NO;
				ENABLE_STRICT_OBJC_MSGSEND = YES;
				GCC_C_LANGUAGE_STANDARD = gnu11;
				GCC_NO_COMMON_BLOCKS = YES;
				GCC_WARN_64_TO_32_BIT_CONVERSION = YES;
				GCC_WARN_ABOUT_RETURN_TYPE = YES_ERROR;
				GCC_WARN_UNDECLARED_SELECTOR = YES;
				GCC_WARN_UNINITIALIZED_AUTOS = YES_AGGRESSIVE;
				GCC_WARN_UNUSED_FUNCTION = YES;
				GCC_WARN_UNUSED_VARIABLE = YES;
				IPHONEOS_DEPLOYMENT_TARGET = 14.4;
				MTL_ENABLE_DEBUG_INFO = NO;
				MTL_FAST_MATH = YES;
				SDKROOT = iphoneos;
				SWIFT_COMPILATION_MODE = wholemodule;
				SWIFT_OPTIMIZATION_LEVEL = "-O";
				VALIDATE_PRODUCT = YES;
			};
			name = Release;
		};
		31479FBC262F2F5B00F8EA26 /* Debug */ = {
			isa = XCBuildConfiguration;
			baseConfigurationReference = 0B86D4BB672683B9EBD742C7 /* Pods-ShootingApp.debug.xcconfig */;
			buildSettings = {
				ASSETCATALOG_COMPILER_APPICON_NAME = AppIcon;
				ASSETCATALOG_COMPILER_GLOBAL_ACCENT_COLOR_NAME = AccentColor;
				CODE_SIGN_IDENTITY = "Apple Development";
				CODE_SIGN_STYLE = Automatic;
				DEVELOPMENT_ASSET_PATHS = "\"ShootingApp/Preview Content\"";
				DEVELOPMENT_TEAM = U554ZH8R56;
				ENABLE_PREVIEWS = YES;
				INFOPLIST_FILE = ShootingApp/Info.plist;
				IPHONEOS_DEPLOYMENT_TARGET = 14.0;
				LD_RUNPATH_SEARCH_PATHS = (
					"$(inherited)",
					"@executable_path/Frameworks",
				);
				PRODUCT_BUNDLE_IDENTIFIER = "Soham-Gupta.ShootingApp";
				PRODUCT_NAME = "$(TARGET_NAME)";
				PROVISIONING_PROFILE_SPECIFIER = "";
				SWIFT_VERSION = 5.0;
				TARGETED_DEVICE_FAMILY = "1,2";
			};
			name = Debug;
		};
		31479FBD262F2F5B00F8EA26 /* Release */ = {
			isa = XCBuildConfiguration;
			baseConfigurationReference = FD68CB7990248E2F84BDCC65 /* Pods-ShootingApp.release.xcconfig */;
			buildSettings = {
				ASSETCATALOG_COMPILER_APPICON_NAME = AppIcon;
				ASSETCATALOG_COMPILER_GLOBAL_ACCENT_COLOR_NAME = AccentColor;
				CODE_SIGN_IDENTITY = "Apple Development";
				CODE_SIGN_STYLE = Automatic;
				DEVELOPMENT_ASSET_PATHS = "\"ShootingApp/Preview Content\"";
				DEVELOPMENT_TEAM = U554ZH8R56;
				ENABLE_PREVIEWS = YES;
				INFOPLIST_FILE = ShootingApp/Info.plist;
				IPHONEOS_DEPLOYMENT_TARGET = 14.0;
				LD_RUNPATH_SEARCH_PATHS = (
					"$(inherited)",
					"@executable_path/Frameworks",
				);
				ONLY_ACTIVE_ARCH = YES;
				PRODUCT_BUNDLE_IDENTIFIER = "Soham-Gupta.ShootingApp";
				PRODUCT_NAME = "$(TARGET_NAME)";
				PROVISIONING_PROFILE_SPECIFIER = "";
				SWIFT_VERSION = 5.0;
				TARGETED_DEVICE_FAMILY = "1,2";
			};
			name = Release;
		};
		31479FBF262F2F5B00F8EA26 /* Debug */ = {
			isa = XCBuildConfiguration;
			baseConfigurationReference = B43CB6D16970C26F0FC75012 /* Pods-ShootingAppTests.debug.xcconfig */;
			buildSettings = {
				ALWAYS_EMBED_SWIFT_STANDARD_LIBRARIES = YES;
				BUNDLE_LOADER = "$(TEST_HOST)";
				CODE_SIGN_STYLE = Automatic;
				DEVELOPMENT_TEAM = U554ZH8R56;
				INFOPLIST_FILE = ShootingAppTests/Info.plist;
				IPHONEOS_DEPLOYMENT_TARGET = 14.0;
				LD_RUNPATH_SEARCH_PATHS = (
					"$(inherited)",
					"@executable_path/Frameworks",
					"@loader_path/Frameworks",
				);
				PRODUCT_BUNDLE_IDENTIFIER = "Soham-Gupta.ShootingAppTests";
				PRODUCT_NAME = "$(TARGET_NAME)";
				SWIFT_VERSION = 5.0;
				TARGETED_DEVICE_FAMILY = "1,2";
				TEST_HOST = "$(BUILT_PRODUCTS_DIR)/ShootingApp.app/ShootingApp";
			};
			name = Debug;
		};
		31479FC0262F2F5B00F8EA26 /* Release */ = {
			isa = XCBuildConfiguration;
			baseConfigurationReference = 7E99AA1B146BB51ED87D513B /* Pods-ShootingAppTests.release.xcconfig */;
			buildSettings = {
				ALWAYS_EMBED_SWIFT_STANDARD_LIBRARIES = YES;
				BUNDLE_LOADER = "$(TEST_HOST)";
				CODE_SIGN_STYLE = Automatic;
				DEVELOPMENT_TEAM = U554ZH8R56;
				INFOPLIST_FILE = ShootingAppTests/Info.plist;
				IPHONEOS_DEPLOYMENT_TARGET = 14.0;
				LD_RUNPATH_SEARCH_PATHS = (
					"$(inherited)",
					"@executable_path/Frameworks",
					"@loader_path/Frameworks",
				);
				PRODUCT_BUNDLE_IDENTIFIER = "Soham-Gupta.ShootingAppTests";
				PRODUCT_NAME = "$(TARGET_NAME)";
				SWIFT_VERSION = 5.0;
				TARGETED_DEVICE_FAMILY = "1,2";
				TEST_HOST = "$(BUILT_PRODUCTS_DIR)/ShootingApp.app/ShootingApp";
			};
			name = Release;
		};
		31479FC2262F2F5B00F8EA26 /* Debug */ = {
			isa = XCBuildConfiguration;
			baseConfigurationReference = 1B07451769B673863F3FECD5 /* Pods-ShootingApp-ShootingAppUITests.debug.xcconfig */;
			buildSettings = {
				ALWAYS_EMBED_SWIFT_STANDARD_LIBRARIES = YES;
				CODE_SIGN_STYLE = Automatic;
				DEVELOPMENT_TEAM = U554ZH8R56;
				INFOPLIST_FILE = ShootingAppUITests/Info.plist;
				LD_RUNPATH_SEARCH_PATHS = (
					"$(inherited)",
					"@executable_path/Frameworks",
					"@loader_path/Frameworks",
				);
				PRODUCT_BUNDLE_IDENTIFIER = "Soham-Gupta.ShootingAppUITests";
				PRODUCT_NAME = "$(TARGET_NAME)";
				SWIFT_VERSION = 5.0;
				TARGETED_DEVICE_FAMILY = "1,2";
				TEST_TARGET_NAME = ShootingApp;
			};
			name = Debug;
		};
		31479FC3262F2F5B00F8EA26 /* Release */ = {
			isa = XCBuildConfiguration;
			baseConfigurationReference = 6E3D172492283E3FBF9EFE3D /* Pods-ShootingApp-ShootingAppUITests.release.xcconfig */;
			buildSettings = {
				ALWAYS_EMBED_SWIFT_STANDARD_LIBRARIES = YES;
				CODE_SIGN_STYLE = Automatic;
				DEVELOPMENT_TEAM = U554ZH8R56;
				INFOPLIST_FILE = ShootingAppUITests/Info.plist;
				LD_RUNPATH_SEARCH_PATHS = (
					"$(inherited)",
					"@executable_path/Frameworks",
					"@loader_path/Frameworks",
				);
				PRODUCT_BUNDLE_IDENTIFIER = "Soham-Gupta.ShootingAppUITests";
				PRODUCT_NAME = "$(TARGET_NAME)";
				SWIFT_VERSION = 5.0;
				TARGETED_DEVICE_FAMILY = "1,2";
				TEST_TARGET_NAME = ShootingApp;
			};
			name = Release;
		};
/* End XCBuildConfiguration section */

/* Begin XCConfigurationList section */
		31479F91262F2F5900F8EA26 /* Build configuration list for PBXProject "ShootingApp" */ = {
			isa = XCConfigurationList;
			buildConfigurations = (
				31479FB9262F2F5B00F8EA26 /* Debug */,
				31479FBA262F2F5B00F8EA26 /* Release */,
			);
			defaultConfigurationIsVisible = 0;
			defaultConfigurationName = Release;
		};
		31479FBB262F2F5B00F8EA26 /* Build configuration list for PBXNativeTarget "ShootingApp" */ = {
			isa = XCConfigurationList;
			buildConfigurations = (
				31479FBC262F2F5B00F8EA26 /* Debug */,
				31479FBD262F2F5B00F8EA26 /* Release */,
			);
			defaultConfigurationIsVisible = 0;
			defaultConfigurationName = Release;
		};
		31479FBE262F2F5B00F8EA26 /* Build configuration list for PBXNativeTarget "ShootingAppTests" */ = {
			isa = XCConfigurationList;
			buildConfigurations = (
				31479FBF262F2F5B00F8EA26 /* Debug */,
				31479FC0262F2F5B00F8EA26 /* Release */,
			);
			defaultConfigurationIsVisible = 0;
			defaultConfigurationName = Release;
		};
		31479FC1262F2F5B00F8EA26 /* Build configuration list for PBXNativeTarget "ShootingAppUITests" */ = {
			isa = XCConfigurationList;
			buildConfigurations = (
				31479FC2262F2F5B00F8EA26 /* Debug */,
				31479FC3262F2F5B00F8EA26 /* Release */,
			);
			defaultConfigurationIsVisible = 0;
			defaultConfigurationName = Release;
		};
/* End XCConfigurationList section */

/* Begin XCRemoteSwiftPackageReference section */
		31479FF7262F85CB00F8EA26 /* XCRemoteSwiftPackageReference "ChartView" */ = {
			isa = XCRemoteSwiftPackageReference;
			repositoryURL = "https://github.com/AppPear/ChartView.git";
			requirement = {
				kind = upToNextMajorVersion;
				minimumVersion = 1.5.5;
			};
		};
/* End XCRemoteSwiftPackageReference section */

/* Begin XCSwiftPackageProductDependency section */
		31479FF8262F85CB00F8EA26 /* SwiftUICharts */ = {
			isa = XCSwiftPackageProductDependency;
			package = 31479FF7262F85CB00F8EA26 /* XCRemoteSwiftPackageReference "ChartView" */;
			productName = SwiftUICharts;
		};
/* End XCSwiftPackageProductDependency section */
	};
	rootObject = 31479F8E262F2F5900F8EA26 /* Project object */;
}
